
Microsoft Visual Studio Solution File, Format Version 12.00
# Visual Studio Version 17
VisualStudioVersion = 17.5.33516.290
MinimumVisualStudioVersion = 10.0.40219.1
Project("{9A19103F-16F7-4668-BE54-9A1E7A4F7556}") = "COINNP.Client", "COINNP.Client\COINNP.Client.csproj", "{450B14E4-B5D0-4B3C-BF91-DA223DF84621}"
EndProject
Project("{9A19103F-16F7-4668-BE54-9A1E7A4F7556}") = "TestApp", "TestApp\TestApp.csproj", "{0B6F63E0-F641-4A7D-8420-7092C39FA6B9}"
EndProject
Project("{2150E333-8FDC-42A3-9474-1A3956D46DE8}") = "Solution Items", "Solution Items", "{DACF59AE-BF22-4B52-867A-C07348C8EC79}"
	ProjectSection(SolutionItems) = preProject
		LICENSE = LICENSE
		README.md = README.md
	EndProjectSection
EndProject
Project("{9A19103F-16F7-4668-BE54-9A1E7A4F7556}") = "COINNP.Tests", "COINNP.Tests\COINNP.Tests.csproj", "{E2BA2FD7-23BE-49B9-A72C-42E353B32260}"
EndProject
Project("{9A19103F-16F7-4668-BE54-9A1E7A4F7556}") = "COINNP.Entities", "COINNP.Entities\COINNP.Entities.csproj", "{A613A940-C929-492D-A245-B6E541BC9957}"
EndProject
Global
	GlobalSection(SolutionConfigurationPlatforms) = preSolution
		Debug|Any CPU = Debug|Any CPU
		Release|Any CPU = Release|Any CPU
	EndGlobalSection
	GlobalSection(ProjectConfigurationPlatforms) = postSolution
		{450B14E4-B5D0-4B3C-BF91-DA223DF84621}.Debug|Any CPU.ActiveCfg = Debug|Any CPU
		{450B14E4-B5D0-4B3C-BF91-DA223DF84621}.Debug|Any CPU.Build.0 = Debug|Any CPU
		{450B14E4-B5D0-4B3C-BF91-DA223DF84621}.Release|Any CPU.ActiveCfg = Release|Any CPU
		{450B14E4-B5D0-4B3C-BF91-DA223DF84621}.Release|Any CPU.Build.0 = Release|Any CPU
		{0B6F63E0-F641-4A7D-8420-7092C39FA6B9}.Debug|Any CPU.ActiveCfg = Debug|Any CPU
		{0B6F63E0-F641-4A7D-8420-7092C39FA6B9}.Debug|Any CPU.Build.0 = Debug|Any CPU
		{0B6F63E0-F641-4A7D-8420-7092C39FA6B9}.Release|Any CPU.ActiveCfg = Release|Any CPU
		{0B6F63E0-F641-4A7D-8420-7092C39FA6B9}.Release|Any CPU.Build.0 = Release|Any CPU
		{E2BA2FD7-23BE-49B9-A72C-42E353B32260}.Debug|Any CPU.ActiveCfg = Debug|Any CPU
		{E2BA2FD7-23BE-49B9-A72C-42E353B32260}.Debug|Any CPU.Build.0 = Debug|Any CPU
		{E2BA2FD7-23BE-49B9-A72C-42E353B32260}.Release|Any CPU.ActiveCfg = Release|Any CPU
		{E2BA2FD7-23BE-49B9-A72C-42E353B32260}.Release|Any CPU.Build.0 = Release|Any CPU
		{A613A940-C929-492D-A245-B6E541BC9957}.Debug|Any CPU.ActiveCfg = Debug|Any CPU
		{A613A940-C929-492D-A245-B6E541BC9957}.Debug|Any CPU.Build.0 = Debug|Any CPU
		{A613A940-C929-492D-A245-B6E541BC9957}.Release|Any CPU.ActiveCfg = Release|Any CPU
		{A613A940-C929-492D-A245-B6E541BC9957}.Release|Any CPU.Build.0 = Release|Any CPU
	EndGlobalSection
	GlobalSection(SolutionProperties) = preSolution
		HideSolutionNode = FALSE
	EndGlobalSection
	GlobalSection(ExtensibilityGlobals) = postSolution
		SolutionGuid = {9FFEDB8D-D98F-44E5-B1F9-3B3FC595D554}
	EndGlobalSection
EndGlobal
